dependencies:
- name: common
  repository: https://charts.bitnami.com/bitnami
  version: 2.4.0
- name: reloader
  repository: https://stakater.github.io/stakater-charts
  version: v1.0.24
digest: sha256:1c47e9d2999bc2e6a8afc793eeb3bcd5851073e8723c5154fb424d0ea6b0780a
generated: "2023-05-31T17:11:05.414537058Z"
